
Microsoft Visual Studio Solution File, Format Version 12.00
# Visual Studio Version 17
VisualStudioVersion = 17.13.35931.197
MinimumVisualStudioVersion = 10.0.40219.1
Project("{FAE04EC0-301F-11D3-BF4B-00C04F79EFBC}") = "UESAN.ECOMMERCE.API.PC1", "UESAN.ECOMMERCE.API.PC1\UESAN.ECOMMERCE.API.PC1.csproj", "{31B259C7-D5A0-474F-B0F0-4BEBDFF6B026}"
EndProject
Project("{FAE04EC0-301F-11D3-BF4B-00C04F79EFBC}") = "USESAN_ECOMMERCE.Core", "USESAN_ECOMMERCE.Core\USESAN_ECOMMERCE.Core.csproj", "{F27E9573-C6EB-469C-B0BA-22365BBE63AA}"
EndProject
Global
	GlobalSection(SolutionConfigurationPlatforms) = preSolution
		Debug|Any CPU = Debug|Any CPU
		Release|Any CPU = Release|Any CPU
	EndGlobalSection
	GlobalSection(ProjectConfigurationPlatforms) = postSolution
		{31B259C7-D5A0-474F-B0F0-4BEBDFF6B026}.Debug|Any CPU.ActiveCfg = Debug|Any CPU
		{31B259C7-D5A0-474F-B0F0-4BEBDFF6B026}.Debug|Any CPU.Build.0 = Debug|Any CPU
		{31B259C7-D5A0-474F-B0F0-4BEBDFF6B026}.Release|Any CPU.ActiveCfg = Release|Any CPU
		{31B259C7-D5A0-474F-B0F0-4BEBDFF6B026}.Release|Any CPU.Build.0 = Release|Any CPU
		{F27E9573-C6EB-469C-B0BA-22365BBE63AA}.Debug|Any CPU.ActiveCfg = Debug|Any CPU
		{F27E9573-C6EB-469C-B0BA-22365BBE63AA}.Debug|Any CPU.Build.0 = Debug|Any CPU
		{F27E9573-C6EB-469C-B0BA-22365BBE63AA}.Release|Any CPU.ActiveCfg = Release|Any CPU
		{F27E9573-C6EB-469C-B0BA-22365BBE63AA}.Release|Any CPU.Build.0 = Release|Any CPU
	EndGlobalSection
	GlobalSection(SolutionProperties) = preSolution
		HideSolutionNode = FALSE
	EndGlobalSection
	GlobalSection(ExtensibilityGlobals) = postSolution
		SolutionGuid = {E975FCAF-A1FE-4214-9756-CF726FCE3F84}
	EndGlobalSection
EndGlobal
